# This file is automatically @generated by Cargo.
# It is not intended for manual editing.
version = 3

[[package]]
name = "char_reader"
version = "0.1.1"
source = "registry+https://github.com/rust-lang/crates.io-index"
checksum = "37a59b22dec21ca7d6c173bd543eeab4cd2f36cf21f039a4134905034c87ed3a"

[[package]]
name = "radio"
version = "0.1.0"
dependencies = [
 "char_reader",
]
